{
  "version": 1,
  "updated_at": "2026-10-05T11:16:52Z",
  "bases": {
    "chainguard": {
      "ref": "cgr.dev/chainguard/glibc-dynamic:latest",
      "digest": "sha256:82edc253a57efee78d0fb504e11a93b7c74687b1b736110ad3a2a4f3edf632ab",
      "pinned_ref": "cgr.dev/chainguard/glibc-dynamic@sha256:82edc253a57efee78d0fb504e11a93b7c74687b1b736110ad3a2a4f3edf632ab",
      "updated_at": "2026-10-05T11:16:52Z"
    },
    "distroless": {
      "ref": "gcr.io/distroless/cc-debian12:nonroot",
      "digest": "sha256:9dac0a79194e45a7da0158a9c6da57b217585af0786db3845d1f0ec1a0dd182f",
      "pinned_ref": "gcr.io/distroless/cc-debian12@sha256:9dac0a79194e45a7da0158a9c6da57b217585af0786db3845d1f0ec1a0dd182f",
      "updated_at": "2026-10-05T11:16:51Z"
    }
  }
}
