{
  "version": 1,
  "updated_at": "2026-09-07T09:06:40Z",
  "bases": {
    "chainguard": {
      "ref": "cgr.dev/chainguard/glibc-dynamic:latest",
      "digest": "sha256:d49aa7837ef1ef8fae33917f94369294c6d49940d2f0b225beee65a3bb6747ed",
      "pinned_ref": "cgr.dev/chainguard/glibc-dynamic@sha256:d49aa7837ef1ef8fae33917f94369294c6d49940d2f0b225beee65a3bb6747ed",
      "updated_at": "2026-09-07T09:06:40Z"
    },
    "distroless": {
      "ref": "gcr.io/distroless/cc-debian12:nonroot",
      "digest": "sha256:9dac0a79194e45a7da0158a9c6da57b217585af0786db3845d1f0ec1a0dd182f",
      "pinned_ref": "gcr.io/distroless/cc-debian12@sha256:9dac0a79194e45a7da0158a9c6da57b217585af0786db3845d1f0ec1a0dd182f",
      "updated_at": "2026-09-07T09:06:39Z"
    }
  }
}
